{
  "name": "jev-lab-profanity-bench",
  "version": "1.0.0",
  "lockfileVersion": 3,
  "requires": true,
  "packages": {
    "": {
      "name": "jev-lab-profanity-bench",
      "version": "1.0.0",
      "dependencies": {
        "@typesafe-ai/sdk": "file:../jev-lab-001/node_modules/@typesafe-ai/sdk"
      }
    },
    "node_modules/@typesafe-ai/sdk": {
      "version": "0.6.0",
      "resolved": "file:../jev-lab-001/node_modules/@typesafe-ai/sdk",
      "license": "MIT",
      "engines": {
        "node": ">=20"
      }
    }
  }
}
